{
  "name": "native-chat-completions",
  "version": "1.0.0",
  "lockfileVersion": 3,
  "requires": true,
  "packages": {
    "": {
      "name": "native-chat-completions",
      "version": "1.0.0",
      "license": "ISC",
      "dependencies": {
        "foundry-local-sdk": "latest"
      },
      "optionalDependencies": {
        "foundry-local-sdk-winml": "latest"
      }
    },
    "node_modules/adm-zip": {
      "version": "0.5.17",
      "resolved": "https://registry.npmjs.org/adm-zip/-/adm-zip-0.5.17.tgz",
      "integrity": "sha512-+Ut8d9LLqwEvHHJl1+PIHqoyDxFgVN847JTVM3Izi3xHDWPE4UtzzXysMZQs64DMcrJfBeS/uoEP4AD3HQHnQQ==",
      "license": "MIT",
      "engines": {
        "node": ">=12.0"
      }
    },
    "node_modules/foundry-local-sdk": {
      "version": "1.2.3",
      "resolved": "https://registry.npmjs.org/foundry-local-sdk/-/foundry-local-sdk-1.2.3.tgz",
      "integrity": "sha512-1iy5Aixi+p3GiGbIZN3rIuKsLYmcXWjqEDPMNFie2g9ufoTq58OZf+tdYdI4AKA7kNsteO9HWHnzDoPqdoxw5A==",
      "hasInstallScript": true,
      "license": "MIT",
      "dependencies": {
        "adm-zip": "^0.5.16"
      }
    },
    "node_modules/foundry-local-sdk-winml": {
      "version": "1.2.3",
      "resolved": "https://registry.npmjs.org/foundry-local-sdk-winml/-/foundry-local-sdk-winml-1.2.3.tgz",
      "integrity": "sha512-jzBTA9ZndPCkPEC/rPJBmUnfVLc079imO2TfaszZ9Q0eWIU5CESj/oS+eWP1WPmvokKhHJf7Te5tJAv+nKQD8A==",
      "hasInstallScript": true,
      "license": "MIT",
      "optional": true,
      "dependencies": {
        "foundry-local-sdk": "1.2.3"
      }
    }
  }
}
